// !$*UTF8*$!
{
	archiveVersion = 1;
	classes = {
	};
	objectVersion = 46;
	objects = {

/* Begin PBXBuildFile section */
		4604CD631BEB095F000DB1CB /* AppDelegate.swift in Sources */ = {isa = PBXBuildFile; fileRef = 4604CD621BEB095F000DB1CB /* AppDelegate.swift */; };
		4604CD651BEB095F000DB1CB /* ViewController.swift in Sources */ = {isa = PBXBuildFile; fileRef = 4604CD641BEB095F000DB1CB /* ViewController.swift */; };
		4604CD681BEB095F000DB1CB /* Main.storyboard in Resources */ = {isa = PBXBuildFile; fileRef = 4604CD661BEB095F000DB1CB /* Main.storyboard */; };
		4604CD6D1BEB095F000DB1CB /* LaunchScreen.storyboard in Resources */ = {isa = PBXBuildFile; fileRef = 4604CD6B1BEB095F000DB1CB /* LaunchScreen.storyboard */; };
		4604CD781BEB095F000DB1CB /* CalculatorTests.swift in Sources */ = {isa = PBXBuildFile; fileRef = 4604CD771BEB095F000DB1CB /* CalculatorTests.swift */; };
		4604CD831BEB095F000DB1CB /* CalculatorUITests.swift in Sources */ = {isa = PBXBuildFile; fileRef = 4604CD821BEB095F000DB1CB /* CalculatorUITests.swift */; };
		46D837F01BECA840003B8026 /* Assets.xcassets in Resources */ = {isa = PBXBuildFile; fileRef = 46D837EF1BECA840003B8026 /* Assets.xcassets */; };
/* End PBXBuildFile section */

/* Begin PBXContainerItemProxy section */
		4604CD741BEB095F000DB1CB /* PBXContainerItemProxy */ = {
			isa = PBXContainerItemProxy;
			containerPortal = 4604CD571BEB095F000DB1CB /* Project object */;
			proxyType = 1;
			remoteGlobalIDString = 4604CD5E1BEB095F000DB1CB;
			remoteInfo = Calculator;
		};
		4604CD7F1BEB095F000DB1CB /* PBXContainerItemProxy */ = {
			isa = PBXContainerItemProxy;
			containerPortal = 4604CD571BEB095F000DB1CB /* Project object */;
			proxyType = 1;
			remoteGlobalIDString = 4604CD5E1BEB095F000DB1CB;
			remoteInfo = Calculator;
		};
/* End PBXContainerItemProxy section */

/* Begin PBXFileReference section */
		4604CD5F1BEB095F000DB1CB /* Calculator.app */ = {isa = PBXFileReference; explicitFileType = wrapper.application; includeInIndex = 0; path = Calculator.app; sourceTree = BUILT_PRODUCTS_DIR; };
		4604CD621BEB095F000DB1CB /* AppDelegate.swift */ = {isa = PBXFileReference; lastKnownFileType = sourcecode.swift; path = AppDelegate.swift; sourceTree = "<group>"; };
		4604CD641BEB095F000DB1CB /* ViewController.swift */ = {isa = PBXFileReference; lastKnownFileType = sourcecode.swift; path = ViewController.swift; sourceTree = "<group>"; };
		4604CD671BEB095F000DB1CB /* Base */ = {isa = PBXFileReference; lastKnownFileType = file.storyboard; name = Base; path = Base.lproj/Main.storyboard; sourceTree = "<group>"; };
		4604CD6C1BEB095F000DB1CB /* Base */ = {isa = PBXFileReference; lastKnownFileType = file.storyboard; name = Base; path = Base.lproj/LaunchScreen.storyboard; sourceTree = "<group>"; };
		4604CD6E1BEB095F000DB1CB /* Info.plist */ = {isa = PBXFileReference; lastKnownFileType = text.plist.xml; path = Info.plist; sourceTree = "<group>"; };
		4604CD731BEB095F000DB1CB /* CalculatorTests.xctest */ = {isa = PBXFileReference; explicitFileType = wrapper.cfbundle; includeInIndex = 0; path = CalculatorTests.xctest; sourceTree = BUILT_PRODUCTS_DIR; };
		4604CD771BEB095F000DB1CB /* CalculatorTests.swift */ = {isa = PBXFileReference; lastKnownFileType = sourcecode.swift; path = CalculatorTests.swift; sourceTree = "<group>"; };
		4604CD791BEB095F000DB1CB /* Info.plist */ = {isa = PBXFileReference; lastKnownFileType = text.plist.xml; path = Info.plist; sourceTree = "<group>"; };
		4604CD7E1BEB095F000DB1CB /* CalculatorUITests.xctest */ = {isa = PBXFileReference; explicitFileType = wrapper.cfbundle; includeInIndex = 0; path = CalculatorUITests.xctest; sourceTree = BUILT_PRODUCTS_DIR; };
		4604CD821BEB095F000DB1CB /* CalculatorUITests.swift */ = {isa = PBXFileReference; lastKnownFileType = sourcecode.swift; path = CalculatorUITests.swift; sourceTree = "<group>"; };
		4604CD841BEB095F000DB1CB /* Info.plist */ = {isa = PBXFileReference; lastKnownFileType = text.plist.xml; path = Info.plist; sourceTree = "<group>"; };
		46D837EF1BECA840003B8026 /* Assets.xcassets */ = {isa = PBXFileReference; lastKnownFileType = folder.assetcatalog; path = Assets.xcassets; sourceTree = "<group>"; };
/* End PBXFileReference section */

/* Begin PBXFrameworksBuildPhase section */
		4604CD5C1BEB095F000DB1CB /* Frameworks */ = {
			isa = PBXFrameworksBuildPhase;
			buildActionMask = 2147483647;
			files = (
			);
			runOnlyForDeploymentPostprocessing = 0;
		};
		4604CD701BEB095F000DB1CB /* Frameworks */ = {
			isa = PBXFrameworksBuildPhase;
			buildActionMask = 2147483647;
			files = (
			);
			runOnlyForDeploymentPostprocessing = 0;
		};
		4604CD7B1BEB095F000DB1CB /* Frameworks */ = {
			isa = PBXFrameworksBuildPhase;
			buildActionMask = 2147483647;
			files = (
			);
			runOnlyForDeploymentPostprocessing = 0;
		};
/* End PBXFrameworksBuildPhase section */

/* Begin PBXGroup section */
		4604CD561BEB095F000DB1CB = {
			isa = PBXGroup;
			children = (
				4604CD611BEB095F000DB1CB /* Calculator */,
				4604CD761BEB095F000DB1CB /* CalculatorTests */,
				4604CD811BEB095F000DB1CB /* CalculatorUITests */,
				4604CD601BEB095F000DB1CB /* Products */,
			);
			sourceTree = "<group>";
		};
		4604CD601BEB095F000DB1CB /* Products */ = {
			isa = PBXGroup;
			children = (
				4604CD5F1BEB095F000DB1CB /* Calculator.app */,
				4604CD731BEB095F000DB1CB /* CalculatorTests.xctest */,
				4604CD7E1BEB095F000DB1CB /* CalculatorUITests.xctest */,
			);
			name = Products;
			sourceTree = "<group>";
		};
		4604CD611BEB095F000DB1CB /* Calculator */ = {
			isa = PBXGroup;
			children = (
				4604CD621BEB095F000DB1CB /* AppDelegate.swift */,
				4604CD641BEB095F000DB1CB /* ViewController.swift */,
				4604CD661BEB095F000DB1CB /* Main.storyboard */,
				4604CD6B1BEB095F000DB1CB /* LaunchScreen.storyboard */,
				46D837EF1BECA840003B8026 /* Assets.xcassets */,
				4604CD6E1BEB095F000DB1CB /* Info.plist */,
			);
			path = Calculator;
			sourceTree = "<group>";
		};
		4604CD761BEB095F000DB1CB /* CalculatorTests */ = {
			isa = PBXGroup;
			children = (
				4604CD771BEB095F000DB1CB /* CalculatorTests.swift */,
				4604CD791BEB095F000DB1CB /* Info.plist */,
			);
			path = CalculatorTests;
			sourceTree = "<group>";
		};
		4604CD811BEB095F000DB1CB /* CalculatorUITests */ = {
			isa = PBXGroup;
			children = (
				4604CD821BEB095F000DB1CB /* CalculatorUITests.swift */,
				4604CD841BEB095F000DB1CB /* Info.plist */,
			);
			path = CalculatorUITests;
			sourceTree = "<group>";
		};
/* End PBXGroup section */

/* Begin PBXNativeTarget section */
		4604CD5E1BEB095F000DB1CB /* Calculator */ = {
			isa = PBXNativeTarget;
			buildConfigurationList = 4604CD871BEB095F000DB1CB /* Build configuration list for PBXNativeTarget "Calculator" */;
			buildPhases = (
				4604CD5B1BEB095F000DB1CB /* Sources */,
				4604CD5C1BEB095F000DB1CB /* Frameworks */,
				4604CD5D1BEB095F000DB1CB /* Resources */,
			);
			buildRules = (
			);
			dependencies = (
			);
			name = Calculator;
			productName = Calculator;
			productReference = 4604CD5F1BEB095F000DB1CB /* Calculator.app */;
			productType = "com.apple.product-type.application";
		};
		4604CD721BEB095F000DB1CB /* CalculatorTests */ = {
			isa = PBXNativeTarget;
			buildConfigurationList = 4604CD8A1BEB095F000DB1CB /* Build configuration list for PBXNativeTarget "CalculatorTests" */;
			buildPhases = (
				4604CD6F1BEB095F000DB1CB /* Sources */,
				4604CD701BEB095F000DB1CB /* Frameworks */,
				4604CD711BEB095F000DB1CB /* Resources */,
			);
			buildRules = (
			);
			dependencies = (
				4604CD751BEB095F000DB1CB /* PBXTargetDependency */,
			);
			name = CalculatorTests;
			productName = CalculatorTests;
			productReference = 4604CD731BEB095F000DB1CB /* CalculatorTests.xctest */;
			productType = "com.apple.product-type.bundle.unit-test";
		};
		4604CD7D1BEB095F000DB1CB /* CalculatorUITests */ = {
			isa = PBXNativeTarget;
			buildConfigurationList = 4604CD8D1BEB095F000DB1CB /* Build configuration list for PBXNativeTarget "CalculatorUITests" */;
			buildPhases = (
				4604CD7A1BEB095F000DB1CB /* Sources */,
				4604CD7B1BEB095F000DB1CB /* Frameworks */,
				4604CD7C1BEB095F000DB1CB /* Resources */,
			);
			buildRules = (
			);
			dependencies = (
				4604CD801BEB095F000DB1CB /* PBXTargetDependency */,
			);
			name = CalculatorUITests;
			productName = CalculatorUITests;
			productReference = 4604CD7E1BEB095F000DB1CB /* CalculatorUITests.xctest */;
			productType = "com.apple.product-type.bundle.ui-testing";
		};
/* End PBXNativeTarget section */

/* Begin PBXProject section */
		4604CD571BEB095F000DB1CB /* Project object */ = {
			isa = PBXProject;
			attributes = {
				LastSwiftUpdateCheck = 0710;
				LastUpgradeCheck = 0710;
				ORGANIZATIONNAME = xzhflying;
				TargetAttributes = {
					4604CD5E1BEB095F000DB1CB = {
						CreatedOnToolsVersion = 7.1;
					};
					4604CD721BEB095F000DB1CB = {
						CreatedOnToolsVersion = 7.1;
						TestTargetID = 4604CD5E1BEB095F000DB1CB;
					};
					4604CD7D1BEB095F000DB1CB = {
						CreatedOnToolsVersion = 7.1;
						TestTargetID = 4604CD5E1BEB095F000DB1CB;
					};
				};
			};
			buildConfigurationList = 4604CD5A1BEB095F000DB1CB /* Build configuration list for PBXProject "Calculator" */;
			compatibilityVersion = "Xcode 3.2";
			developmentRegion = English;
			hasScannedForEncodings = 0;
			knownRegions = (
				en,
				Base,
			);
			mainGroup = 4604CD561BEB095F000DB1CB;
			productRefGroup = 4604CD601BEB095F000DB1CB /* Products */;
			projectDirPath = "";
			projectRoot = "";
			targets = (
				4604CD5E1BEB095F000DB1CB /* Calculator */,
				4604CD721BEB095F000DB1CB /* CalculatorTests */,
				4604CD7D1BEB095F000DB1CB /* CalculatorUITests */,
			);
		};
/* End PBXProject section */

/* Begin PBXResourcesBuildPhase section */
		4604CD5D1BEB095F000DB1CB /* Resources */ = {
			isa = PBXResourcesBuildPhase;
			buildActionMask = 2147483647;
			files = (
				4604CD6D1BEB095F000DB1CB /* LaunchScreen.storyboard in Resources */,
				46D837F01BECA840003B8026 /* Assets.xcassets in Resources */,
				4604CD681BEB095F000DB1CB /* Main.storyboard in Resources */,
			);
			runOnlyForDeploymentPostprocessing = 0;
		};
		4604CD711BEB095F000DB1CB /* Resources */ = {
			isa = PBXResourcesBuildPhase;
			buildActionMask = 2147483647;
			files = (
			);
			runOnlyForDeploymentPostprocessing = 0;
		};
		4604CD7C1BEB095F000DB1CB /* Resources */ = {
			isa = PBXResourcesBuildPhase;
			buildActionMask = 2147483647;
			files = (
			);
			runOnlyForDeploymentPostprocessing = 0;
		};
/* End PBXResourcesBuildPhase section */

/* Begin PBXSourcesBuildPhase section */
		4604CD5B1BEB095F000DB1CB /* Sources */ = {
			isa = PBXSourcesBuildPhase;
			buildActionMask = 2147483647;
			files = (
				4604CD651BEB095F000DB1CB /* ViewController.swift in Sources */,
				4604CD631BEB095F000DB1CB /* AppDelegate.swift in Sources */,
			);
			runOnlyForDeploymentPostprocessing = 0;
		};
		4604CD6F1BEB095F000DB1CB /* Sources */ = {
			isa = PBXSourcesBuildPhase;
			buildActionMask = 2147483647;
			files = (
				4604CD781BEB095F000DB1CB /* CalculatorTests.swift in Sources */,
			);
			runOnlyForDeploymentPostprocessing = 0;
		};
		4604CD7A1BEB095F000DB1CB /* Sources */ = {
			isa = PBXSourcesBuildPhase;
			buildActionMask = 2147483647;
			files = (
				4604CD831BEB095F000DB1CB /* CalculatorUITests.swift in Sources */,
			);
			runOnlyForDeploymentPostprocessing = 0;
		};
/* End PBXSourcesBuildPhase section */

/* Begin PBXTargetDependency section */
		4604CD751BEB095F000DB1CB /* PBXTargetDependency */ = {
			isa = PBXTargetDependency;
			target = 4604CD5E1BEB095F000DB1CB /* Calculator */;
			targetProxy = 4604CD741BEB095F000DB1CB /* PBXContainerItemProxy */;
		};
		4604CD801BEB095F000DB1CB /* PBXTargetDependency */ = {
			isa = PBXTargetDependency;
			target = 4604CD5E1BEB095F000DB1CB /* Calculator */;
			targetProxy = 4604CD7F1BEB095F000DB1CB /* PBXContainerItemProxy */;
		};
/* End PBXTargetDependency section */

/* Begin PBXVariantGroup section */
		4604CD661BEB095F000DB1CB /* Main.storyboard */ = {
			isa = PBXVariantGroup;
			children = (
				4604CD671BEB095F000DB1CB /* Base */,
			);
			name = Main.storyboard;
			sourceTree = "<group>";
		};
		4604CD6B1BEB095F000DB1CB /* LaunchScreen.storyboard */ = {
			isa = PBXVariantGroup;
			children = (
				4604CD6C1BEB095F000DB1CB /* Base */,
			);
			name = LaunchScreen.storyboard;
			sourceTree = "<group>";
		};
/* End PBXVariantGroup section */

/* Begin XCBuildConfiguration section */
		4604CD851BEB095F000DB1CB /* Debug */ = {
			isa = XCBuildConfiguration;
			buildSettings = {
				ALWAYS_SEARCH_USER_PATHS = NO;
				CLANG_CXX_LANGUAGE_STANDARD = "gnu++0x";
				CLANG_CXX_LIBRARY = "libc++";
				CLANG_ENABLE_MODULES = YES;
				CLANG_ENABLE_OBJC_ARC = YES;
				CLANG_WARN_BOOL_CONVERSION = YES;
				CLANG_WARN_CONSTANT_CONVERSION = YES;
				CLANG_WARN_DIRECT_OBJC_ISA_USAGE = YES_ERROR;
				CLANG_WARN_EMPTY_BODY = YES;
				CLANG_WARN_ENUM_CONVERSION = YES;
				CLANG_WARN_INT_CONVERSION = YES;
				CLANG_WARN_OBJC_ROOT_CLASS = YES_ERROR;
				CLANG_WARN_UNREACHABLE_CODE = YES;
				CLANG_WARN__DUPLICATE_METHOD_MATCH = YES;
				"CODE_SIGN_IDENTITY[sdk=iphoneos*]" = "iPhone Developer";
				COPY_PHASE_STRIP = NO;
				DEBUG_INFORMATION_FORMAT = dwarf;
				ENABLE_STRICT_OBJC_MSGSEND = YES;
				ENABLE_TESTABILITY = YES;
				GCC_C_LANGUAGE_STANDARD = gnu99;
				GCC_DYNAMIC_NO_PIC = NO;
				GCC_NO_COMMON_BLOCKS = YES;
				GCC_OPTIMIZATION_LEVEL = 0;
				GCC_PREPROCESSOR_DEFINITIONS = (
					"DEBUG=1",
					"$(inherited)",
				);
				GCC_WARN_64_TO_32_BIT_CONVERSION = YES;
				GCC_WARN_ABOUT_RETURN_TYPE = YES_ERROR;
				GCC_WARN_UNDECLARED_SELECTOR = YES;
				GCC_WARN_UNINITIALIZED_AUTOS = YES_AGGRESSIVE;
				GCC_WARN_UNUSED_FUNCTION = YES;
				GCC_WARN_UNUSED_VARIABLE = YES;
				IPHONEOS_DEPLOYMENT_TARGET = 9.1;
				MTL_ENABLE_DEBUG_INFO = YES;
				ONLY_ACTIVE_ARCH = YES;
				SDKROOT = iphoneos;
				SWIFT_OPTIMIZATION_LEVEL = "-Onone";
				TARGETED_DEVICE_FAMILY = "1,2";
			};
			name = Debug;
		};
		4604CD861BEB095F000DB1CB /* Release */ = {
			isa = XCBuildConfiguration;
			buildSettings = {
				ALWAYS_SEARCH_USER_PATHS = NO;
				CLANG_CXX_LANGUAGE_STANDARD = "gnu++0x";
				CLANG_CXX_LIBRARY = "libc++";
				CLANG_ENABLE_MODULES = YES;
				CLANG_ENABLE_OBJC_ARC = YES;
				CLANG_WARN_BOOL_CONVERSION = YES;
				CLANG_WARN_CONSTANT_CONVERSION = YES;
				CLANG_WARN_DIRECT_OBJC_ISA_USAGE = YES_ERROR;
				CLANG_WARN_EMPTY_BODY = YES;
				CLANG_WARN_ENUM_CONVERSION = YES;
				CLANG_WARN_INT_CONVERSION = YES;
				CLANG_WARN_OBJC_ROOT_CLASS = YES_ERROR;
				CLANG_WARN_UNREACHABLE_CODE = YES;
				CLANG_WARN__DUPLICATE_METHOD_MATCH = YES;
				"CODE_SIGN_IDENTITY[sdk=iphoneos*]" = "iPhone Developer";
				COPY_PHASE_STRIP = NO;
				DEBUG_INFORMATION_FORMAT = "dwarf-with-dsym";
				ENABLE_NS_ASSERTIONS = NO;
				ENABLE_STRICT_OBJC_MSGSEND = YES;
				GCC_C_LANGUAGE_STANDARD = gnu99;
				GCC_NO_COMMON_BLOCKS = YES;
				GCC_WARN_64_TO_32_BIT_CONVERSION = YES;
				GCC_WARN_ABOUT_RETURN_TYPE = YES_ERROR;
				GCC_WARN_UNDECLARED_SELECTOR = YES;
				GCC_WARN_UNINITIALIZED_AUTOS = YES_AGGRESSIVE;
				GCC_WARN_UNUSED_FUNCTION = YES;
				GCC_WARN_UNUSED_VARIABLE = YES;
				IPHONEOS_DEPLOYMENT_TARGET = 9.1;
				MTL_ENABLE_DEBUG_INFO = NO;
				SDKROOT = iphoneos;
				TARGETED_DEVICE_FAMILY = "1,2";
				VALIDATE_PRODUCT = YES;
			};
			name = Release;
		};
		4604CD881BEB095F000DB1CB /* Debug */ = {
			isa = XCBuildConfiguration;
			buildSettings = {
				ASSETCATALOG_COMPILER_APPICON_NAME = AppIcon;
				INFOPLIST_FILE = Calculator/Info.plist;
				LD_RUNPATH_SEARCH_PATHS = "$(inherited) @executable_path/Frameworks";
				PRODUCT_BUNDLE_IDENTIFIER = xzhflying.Calculator;
				PRODUCT_NAME = "$(TARGET_NAME)";
			};
			name = Debug;
		};
		4604CD891BEB095F000DB1CB /* Release */ = {
			isa = XCBuildConfiguration;
			buildSettings = {
				ASSETCATALOG_COMPILER_APPICON_NAME = AppIcon;
				INFOPLIST_FILE = Calculator/Info.plist;
				LD_RUNPATH_SEARCH_PATHS = "$(inherited) @executable_path/Frameworks";
				PRODUCT_BUNDLE_IDENTIFIER = xzhflying.Calculator;
				PRODUCT_NAME = "$(TARGET_NAME)";
			};
			name = Release;
		};
		4604CD8B1BEB095F000DB1CB /* Debug */ = {
			isa = XCBuildConfiguration;
			buildSettings = {
				BUNDLE_LOADER = "$(TEST_HOST)";
				INFOPLIST_FILE = CalculatorTests/Info.plist;
				LD_RUNPATH_SEARCH_PATHS = "$(inherited) @executable_path/Frameworks @loader_path/Frameworks";
				PRODUCT_BUNDLE_IDENTIFIER = xzhflying.CalculatorTests;
				PRODUCT_NAME = "$(TARGET_NAME)";
				TEST_HOST = "$(BUILT_PRODUCTS_DIR)/Calculator.app/Calculator";
			};
			name = Debug;
		};
		4604CD8C1BEB095F000DB1CB /* Release */ = {
			isa = XCBuildConfiguration;
			buildSettings = {
				BUNDLE_LOADER = "$(TEST_HOST)";
				INFOPLIST_FILE = CalculatorTests/Info.plist;
				LD_RUNPATH_SEARCH_PATHS = "$(inherited) @executable_path/Frameworks @loader_path/Frameworks";
				PRODUCT_BUNDLE_IDENTIFIER = xzhflying.CalculatorTests;
				PRODUCT_NAME = "$(TARGET_NAME)";
				TEST_HOST = "$(BUILT_PRODUCTS_DIR)/Calculator.app/Calculator";
			};
			name = Release;
		};
		4604CD8E1BEB095F000DB1CB /* Debug */ = {
			isa = XCBuildConfiguration;
			buildSettings = {
				INFOPLIST_FILE = CalculatorUITests/Info.plist;
				LD_RUNPATH_SEARCH_PATHS = "$(inherited) @executable_path/Frameworks @loader_path/Frameworks";
				PRODUCT_BUNDLE_IDENTIFIER = xzhflying.CalculatorUITests;
				PRODUCT_NAME = "$(TARGET_NAME)";
				TEST_TARGET_NAME = Calculator;
				USES_XCTRUNNER = YES;
			};
			name = Debug;
		};
		4604CD8F1BEB095F000DB1CB /* Release */ = {
			isa = XCBuildConfiguration;
			buildSettings = {
				INFOPLIST_FILE = CalculatorUITests/Info.plist;
				LD_RUNPATH_SEARCH_PATHS = "$(inherited) @executable_path/Frameworks @loader_path/Frameworks";
				PRODUCT_BUNDLE_IDENTIFIER = xzhflying.CalculatorUITests;
				PRODUCT_NAME = "$(TARGET_NAME)";
				TEST_TARGET_NAME = Calculator;
				USES_XCTRUNNER = YES;
			};
			name = Release;
		};
/* End XCBuildConfiguration section */

/* Begin XCConfigurationList section */
		4604CD5A1BEB095F000DB1CB /* Build configuration list for PBXProject "Calculator" */ = {
			isa = XCConfigurationList;
			buildConfigurations = (
				4604CD851BEB095F000DB1CB /* Debug */,
				4604CD861BEB095F000DB1CB /* Release */,
			);
			defaultConfigurationIsVisible = 0;
			defaultConfigurationName = Release;
		};
		4604CD871BEB095F000DB1CB /* Build configuration list for PBXNativeTarget "Calculator" */ = {
			isa = XCConfigurationList;
			buildConfigurations = (
				4604CD881BEB095F000DB1CB /* Debug */,
				4604CD891BEB095F000DB1CB /* Release */,
			);
			defaultConfigurationIsVisible = 0;
			defaultConfigurationName = Release;
		};
		4604CD8A1BEB095F000DB1CB /* Build configuration list for PBXNativeTarget "CalculatorTests" */ = {
			isa = XCConfigurationList;
			buildConfigurations = (
				4604CD8B1BEB095F000DB1CB /* Debug */,
				4604CD8C1BEB095F000DB1CB /* Release */,
			);
			defaultConfigurationIsVisible = 0;
			defaultConfigurationName = Release;
		};
		4604CD8D1BEB095F000DB1CB /* Build configuration list for PBXNativeTarget "CalculatorUITests" */ = {
			isa = XCConfigurationList;
			buildConfigurations = (
				4604CD8E1BEB095F000DB1CB /* Debug */,
				4604CD8F1BEB095F000DB1CB /* Release */,
			);
			defaultConfigurationIsVisible = 0;
			defaultConfigurationName = Release;
		};
/* End XCConfigurationList section */
	};
	rootObject = 4604CD571BEB095F000DB1CB /* Project object */;
}
